// !$*UTF8*$!
{
	archiveVersion = 1;
	classes = {
	};
	objectVersion = 48;
	objects = {

/* Begin PBXBuildFile section */
		16F6CA10369F8F7C35EF6778 /* Pods_Sample_AppTests.framework in Frameworks */ = {isa = PBXBuildFile; fileRef = 9DBC07C1B11A992995AED4C7 /* Pods_Sample_AppTests.framework */; };
		499870E01FC4AE24001D8EA9 /* MehDeal.swift in Sources */ = {isa = PBXBuildFile; fileRef = 499870DF1FC4AE24001D8EA9 /* MehDeal.swift */; };
		499870E21FC4AE7E001D8EA9 /* MehDealTheme.swift in Sources */ = {isa = PBXBuildFile; fileRef = 499870E11FC4AE7E001D8EA9 /* MehDealTheme.swift */; };
		49D4C1F41FC498AC00A5424E /* AppDelegate.swift in Sources */ = {isa = PBXBuildFile; fileRef = 49D4C1F31FC498AC00A5424E /* AppDelegate.swift */; };
		49D4C1F61FC498AC00A5424E /* ViewController.swift in Sources */ = {isa = PBXBuildFile; fileRef = 49D4C1F51FC498AC00A5424E /* ViewController.swift */; };
		49D4C1F91FC498AC00A5424E /* Main.storyboard in Resources */ = {isa = PBXBuildFile; fileRef = 49D4C1F71FC498AC00A5424E /* Main.storyboard */; };
		49D4C1FC1FC498AC00A5424E /* Sample_App.xcdatamodeld in Sources */ = {isa = PBXBuildFile; fileRef = 49D4C1FA1FC498AC00A5424E /* Sample_App.xcdatamodeld */; };
		49D4C1FE1FC498AC00A5424E /* Assets.xcassets in Resources */ = {isa = PBXBuildFile; fileRef = 49D4C1FD1FC498AC00A5424E /* Assets.xcassets */; };
		49D4C2011FC498AC00A5424E /* LaunchScreen.storyboard in Resources */ = {isa = PBXBuildFile; fileRef = 49D4C1FF1FC498AC00A5424E /* LaunchScreen.storyboard */; };
		49D4C20C1FC498AC00A5424E /* Sample_AppTests.swift in Sources */ = {isa = PBXBuildFile; fileRef = 49D4C20B1FC498AC00A5424E /* Sample_AppTests.swift */; };
		49D4C2171FC498AC00A5424E /* Sample_AppUITests.swift in Sources */ = {isa = PBXBuildFile; fileRef = 49D4C2161FC498AC00A5424E /* Sample_AppUITests.swift */; };
		49D4C2251FC49BC200A5424E /* MehRoot.swift in Sources */ = {isa = PBXBuildFile; fileRef = 49D4C2241FC49BC200A5424E /* MehRoot.swift */; };
		49D4C2271FC49BD200A5424E /* DealParsingTests.swift in Sources */ = {isa = PBXBuildFile; fileRef = 49D4C2261FC49BD200A5424E /* DealParsingTests.swift */; };
		49D4C2291FC4A52A00A5424E /* meh_sample.json in Resources */ = {isa = PBXBuildFile; fileRef = 49D4C2281FC4A52A00A5424E /* meh_sample.json */; };
		5EC1C757293308B97AF114D6 /* Pods_Sample_AppUITests.framework in Frameworks */ = {isa = PBXBuildFile; fileRef = 173CEF6958A4263F9F12029B /* Pods_Sample_AppUITests.framework */; };
		789DBE1C979CC4A0F4A18CA8 /* Pods_Sample_App.framework in Frameworks */ = {isa = PBXBuildFile; fileRef = 99C90E7099973015C3B8F083 /* Pods_Sample_App.framework */; };
/* End PBXBuildFile section */

/* Begin PBXContainerItemProxy section */
		49D4C2081FC498AC00A5424E /* PBXContainerItemProxy */ = {
			isa = PBXContainerItemProxy;
			containerPortal = 49D4C1E81FC498AC00A5424E /* Project object */;
			proxyType = 1;
			remoteGlobalIDString = 49D4C1EF1FC498AC00A5424E;
			remoteInfo = "Sample App";
		};
		49D4C2131FC498AC00A5424E /* PBXContainerItemProxy */ = {
			isa = PBXContainerItemProxy;
			containerPortal = 49D4C1E81FC498AC00A5424E /* Project object */;
			proxyType = 1;
			remoteGlobalIDString = 49D4C1EF1FC498AC00A5424E;
			remoteInfo = "Sample App";
		};
/* End PBXContainerItemProxy section */

/* Begin PBXFileReference section */
		11D677AAF7E636DBE039DBC5 /* Pods-Sample AppUITests.debug.xcconfig */ = {isa = PBXFileReference; includeInIndex = 1; lastKnownFileType = text.xcconfig; name = "Pods-Sample AppUITests.debug.xcconfig"; path = "Pods/Target Support Files/Pods-Sample AppUITests/Pods-Sample AppUITests.debug.xcconfig"; sourceTree = "<group>"; };
		130ABAD66F84E2F56E8AC865 /* Pods-Sample AppTests.debug.xcconfig */ = {isa = PBXFileReference; includeInIndex = 1; lastKnownFileType = text.xcconfig; name = "Pods-Sample AppTests.debug.xcconfig"; path = "Pods/Target Support Files/Pods-Sample AppTests/Pods-Sample AppTests.debug.xcconfig"; sourceTree = "<group>"; };
		173CEF6958A4263F9F12029B /* Pods_Sample_AppUITests.framework */ = {isa = PBXFileReference; explicitFileType = wrapper.framework; includeInIndex = 0; path = Pods_Sample_AppUITests.framework; sourceTree = BUILT_PRODUCTS_DIR; };
		389688EE346C8EB9082FCFF3 /* Pods-Sample App.release.xcconfig */ = {isa = PBXFileReference; includeInIndex = 1; lastKnownFileType = text.xcconfig; name = "Pods-Sample App.release.xcconfig"; path = "Pods/Target Support Files/Pods-Sample App/Pods-Sample App.release.xcconfig"; sourceTree = "<group>"; };
		499870DF1FC4AE24001D8EA9 /* MehDeal.swift */ = {isa = PBXFileReference; lastKnownFileType = sourcecode.swift; path = MehDeal.swift; sourceTree = "<group>"; };
		499870E11FC4AE7E001D8EA9 /* MehDealTheme.swift */ = {isa = PBXFileReference; lastKnownFileType = sourcecode.swift; path = MehDealTheme.swift; sourceTree = "<group>"; };
		49D4C1F01FC498AC00A5424E /* Sample App.app */ = {isa = PBXFileReference; explicitFileType = wrapper.application; includeInIndex = 0; path = "Sample App.app"; sourceTree = BUILT_PRODUCTS_DIR; };
		49D4C1F31FC498AC00A5424E /* AppDelegate.swift */ = {isa = PBXFileReference; lastKnownFileType = sourcecode.swift; path = AppDelegate.swift; sourceTree = "<group>"; };
		49D4C1F51FC498AC00A5424E /* ViewController.swift */ = {isa = PBXFileReference; lastKnownFileType = sourcecode.swift; path = ViewController.swift; sourceTree = "<group>"; };
		49D4C1F81FC498AC00A5424E /* Base */ = {isa = PBXFileReference; lastKnownFileType = file.storyboard; name = Base; path = Base.lproj/Main.storyboard; sourceTree = "<group>"; };
		49D4C1FB1FC498AC00A5424E /* Sample_App.xcdatamodel */ = {isa = PBXFileReference; lastKnownFileType = wrapper.xcdatamodel; path = Sample_App.xcdatamodel; sourceTree = "<group>"; };
		49D4C1FD1FC498AC00A5424E /* Assets.xcassets */ = {isa = PBXFileReference; lastKnownFileType = folder.assetcatalog; path = Assets.xcassets; sourceTree = "<group>"; };
		49D4C2001FC498AC00A5424E /* Base */ = {isa = PBXFileReference; lastKnownFileType = file.storyboard; name = Base; path = Base.lproj/LaunchScreen.storyboard; sourceTree = "<group>"; };
		49D4C2021FC498AC00A5424E /* Info.plist */ = {isa = PBXFileReference; lastKnownFileType = text.plist.xml; path = Info.plist; sourceTree = "<group>"; };
		49D4C2071FC498AC00A5424E /* Sample AppTests.xctest */ = {isa = PBXFileReference; explicitFileType = wrapper.cfbundle; includeInIndex = 0; path = "Sample AppTests.xctest"; sourceTree = BUILT_PRODUCTS_DIR; };
		49D4C20B1FC498AC00A5424E /* Sample_AppTests.swift */ = {isa = PBXFileReference; lastKnownFileType = sourcecode.swift; path = Sample_AppTests.swift; sourceTree = "<group>"; };
		49D4C20D1FC498AC00A5424E /* Info.plist */ = {isa = PBXFileReference; lastKnownFileType = text.plist.xml; path = Info.plist; sourceTree = "<group>"; };
		49D4C2121FC498AC00A5424E /* Sample AppUITests.xctest */ = {isa = PBXFileReference; explicitFileType = wrapper.cfbundle; includeInIndex = 0; path = "Sample AppUITests.xctest"; sourceTree = BUILT_PRODUCTS_DIR; };
		49D4C2161FC498AC00A5424E /* Sample_AppUITests.swift */ = {isa = PBXFileReference; lastKnownFileType = sourcecode.swift; path = Sample_AppUITests.swift; sourceTree = "<group>"; };
		49D4C2181FC498AC00A5424E /* Info.plist */ = {isa = PBXFileReference; lastKnownFileType = text.plist.xml; path = Info.plist; sourceTree = "<group>"; };
		49D4C2241FC49BC200A5424E /* MehRoot.swift */ = {isa = PBXFileReference; lastKnownFileType = sourcecode.swift; path = MehRoot.swift; sourceTree = "<group>"; };
		49D4C2261FC49BD200A5424E /* DealParsingTests.swift */ = {isa = PBXFileReference; lastKnownFileType = sourcecode.swift; path = DealParsingTests.swift; sourceTree = "<group>"; };
		49D4C2281FC4A52A00A5424E /* meh_sample.json */ = {isa = PBXFileReference; lastKnownFileType = text.json; path = meh_sample.json; sourceTree = "<group>"; };
		4F31CD2824A501AACAEAB41B /* Pods-Sample AppTests.release.xcconfig */ = {isa = PBXFileReference; includeInIndex = 1; lastKnownFileType = text.xcconfig; name = "Pods-Sample AppTests.release.xcconfig"; path = "Pods/Target Support Files/Pods-Sample AppTests/Pods-Sample AppTests.release.xcconfig"; sourceTree = "<group>"; };
		5F82EE1287C92D5346C77101 /* Pods-Sample App.debug.xcconfig */ = {isa = PBXFileReference; includeInIndex = 1; lastKnownFileType = text.xcconfig; name = "Pods-Sample App.debug.xcconfig"; path = "Pods/Target Support Files/Pods-Sample App/Pods-Sample App.debug.xcconfig"; sourceTree = "<group>"; };
		8F82FA122CB1D0517F3EB016 /* Pods-Sample AppUITests.release.xcconfig */ = {isa = PBXFileReference; includeInIndex = 1; lastKnownFileType = text.xcconfig; name = "Pods-Sample AppUITests.release.xcconfig"; path = "Pods/Target Support Files/Pods-Sample AppUITests/Pods-Sample AppUITests.release.xcconfig"; sourceTree = "<group>"; };
		99C90E7099973015C3B8F083 /* Pods_Sample_App.framework */ = {isa = PBXFileReference; explicitFileType = wrapper.framework; includeInIndex = 0; path = Pods_Sample_App.framework; sourceTree = BUILT_PRODUCTS_DIR; };
		9DBC07C1B11A992995AED4C7 /* Pods_Sample_AppTests.framework */ = {isa = PBXFileReference; explicitFileType = wrapper.framework; includeInIndex = 0; path = Pods_Sample_AppTests.framework; sourceTree = BUILT_PRODUCTS_DIR; };
/* End PBXFileReference section */

/* Begin PBXFrameworksBuildPhase section */
		49D4C1ED1FC498AC00A5424E /* Frameworks */ = {
			isa = PBXFrameworksBuildPhase;
			buildActionMask = 2147483647;
			files = (
				789DBE1C979CC4A0F4A18CA8 /* Pods_Sample_App.framework in Frameworks */,
			);
			runOnlyForDeploymentPostprocessing = 0;
		};
		49D4C2041FC498AC00A5424E /* Frameworks */ = {
			isa = PBXFrameworksBuildPhase;
			buildActionMask = 2147483647;
			files = (
				16F6CA10369F8F7C35EF6778 /* Pods_Sample_AppTests.framework in Frameworks */,
			);
			runOnlyForDeploymentPostprocessing = 0;
		};
		49D4C20F1FC498AC00A5424E /* Frameworks */ = {
			isa = PBXFrameworksBuildPhase;
			buildActionMask = 2147483647;
			files = (
				5EC1C757293308B97AF114D6 /* Pods_Sample_AppUITests.framework in Frameworks */,
			);
			runOnlyForDeploymentPostprocessing = 0;
		};
/* End PBXFrameworksBuildPhase section */

/* Begin PBXGroup section */
		21B9555F35929C5FFF2DFA0F /* Frameworks */ = {
			isa = PBXGroup;
			children = (
				99C90E7099973015C3B8F083 /* Pods_Sample_App.framework */,
				9DBC07C1B11A992995AED4C7 /* Pods_Sample_AppTests.framework */,
				173CEF6958A4263F9F12029B /* Pods_Sample_AppUITests.framework */,
			);
			name = Frameworks;
			sourceTree = "<group>";
		};
		347AF74BAA35D3FEFB3D5D06 /* Pods */ = {
			isa = PBXGroup;
			children = (
				5F82EE1287C92D5346C77101 /* Pods-Sample App.debug.xcconfig */,
				389688EE346C8EB9082FCFF3 /* Pods-Sample App.release.xcconfig */,
				130ABAD66F84E2F56E8AC865 /* Pods-Sample AppTests.debug.xcconfig */,
				4F31CD2824A501AACAEAB41B /* Pods-Sample AppTests.release.xcconfig */,
				11D677AAF7E636DBE039DBC5 /* Pods-Sample AppUITests.debug.xcconfig */,
				8F82FA122CB1D0517F3EB016 /* Pods-Sample AppUITests.release.xcconfig */,
			);
			name = Pods;
			sourceTree = "<group>";
		};
		49D4C1E71FC498AC00A5424E = {
			isa = PBXGroup;
			children = (
				49D4C1F21FC498AC00A5424E /* Sample App */,
				49D4C20A1FC498AC00A5424E /* Sample AppTests */,
				49D4C2151FC498AC00A5424E /* Sample AppUITests */,
				49D4C1F11FC498AC00A5424E /* Products */,
				347AF74BAA35D3FEFB3D5D06 /* Pods */,
				21B9555F35929C5FFF2DFA0F /* Frameworks */,
			);
			sourceTree = "<group>";
		};
		49D4C1F11FC498AC00A5424E /* Products */ = {
			isa = PBXGroup;
			children = (
				49D4C1F01FC498AC00A5424E /* Sample App.app */,
				49D4C2071FC498AC00A5424E /* Sample AppTests.xctest */,
				49D4C2121FC498AC00A5424E /* Sample AppUITests.xctest */,
			);
			name = Products;
			sourceTree = "<group>";
		};
		49D4C1F21FC498AC00A5424E /* Sample App */ = {
			isa = PBXGroup;
			children = (
				49D4C1F31FC498AC00A5424E /* AppDelegate.swift */,
				49D4C1F51FC498AC00A5424E /* ViewController.swift */,
				49D4C1F71FC498AC00A5424E /* Main.storyboard */,
				49D4C1FD1FC498AC00A5424E /* Assets.xcassets */,
				49D4C1FF1FC498AC00A5424E /* LaunchScreen.storyboard */,
				49D4C2021FC498AC00A5424E /* Info.plist */,
				49D4C1FA1FC498AC00A5424E /* Sample_App.xcdatamodeld */,
				49D4C2241FC49BC200A5424E /* MehRoot.swift */,
				499870DF1FC4AE24001D8EA9 /* MehDeal.swift */,
				499870E11FC4AE7E001D8EA9 /* MehDealTheme.swift */,
			);
			path = "Sample App";
			sourceTree = "<group>";
		};
		49D4C20A1FC498AC00A5424E /* Sample AppTests */ = {
			isa = PBXGroup;
			children = (
				49D4C20B1FC498AC00A5424E /* Sample_AppTests.swift */,
				49D4C20D1FC498AC00A5424E /* Info.plist */,
				49D4C2261FC49BD200A5424E /* DealParsingTests.swift */,
				49D4C2281FC4A52A00A5424E /* meh_sample.json */,
			);
			path = "Sample AppTests";
			sourceTree = "<group>";
		};
		49D4C2151FC498AC00A5424E /* Sample AppUITests */ = {
			isa = PBXGroup;
			children = (
				49D4C2161FC498AC00A5424E /* Sample_AppUITests.swift */,
				49D4C2181FC498AC00A5424E /* Info.plist */,
			);
			path = "Sample AppUITests";
			sourceTree = "<group>";
		};
/* End PBXGroup section */

/* Begin PBXNativeTarget section */
		49D4C1EF1FC498AC00A5424E /* Sample App */ = {
			isa = PBXNativeTarget;
			buildConfigurationList = 49D4C21B1FC498AC00A5424E /* Build configuration list for PBXNativeTarget "Sample App" */;
			buildPhases = (
				E783E2E6A0BED27653A9655C /* [CP] Check Pods Manifest.lock */,
				49D4C1EC1FC498AC00A5424E /* Sources */,
				49D4C1ED1FC498AC00A5424E /* Frameworks */,
				49D4C1EE1FC498AC00A5424E /* Resources */,
				47DDB4B098B49CFE3C1600D6 /* [CP] Embed Pods Frameworks */,
				FF91A31A3FD353169FB9E5B9 /* [CP] Copy Pods Resources */,
			);
			buildRules = (
			);
			dependencies = (
			);
			name = "Sample App";
			productName = "Sample App";
			productReference = 49D4C1F01FC498AC00A5424E /* Sample App.app */;
			productType = "com.apple.product-type.application";
		};
		49D4C2061FC498AC00A5424E /* Sample AppTests */ = {
			isa = PBXNativeTarget;
			buildConfigurationList = 49D4C21E1FC498AC00A5424E /* Build configuration list for PBXNativeTarget "Sample AppTests" */;
			buildPhases = (
				AC5709E254084D5946BC1399 /* [CP] Check Pods Manifest.lock */,
				49D4C2031FC498AC00A5424E /* Sources */,
				49D4C2041FC498AC00A5424E /* Frameworks */,
				49D4C2051FC498AC00A5424E /* Resources */,
				FDFE89C001FE9A5394BCCF83 /* [CP] Embed Pods Frameworks */,
				F7B6292C722678F20723FCDA /* [CP] Copy Pods Resources */,
			);
			buildRules = (
			);
			dependencies = (
				49D4C2091FC498AC00A5424E /* PBXTargetDependency */,
			);
			name = "Sample AppTests";
			productName = "Sample AppTests";
			productReference = 49D4C2071FC498AC00A5424E /* Sample AppTests.xctest */;
			productType = "com.apple.product-type.bundle.unit-test";
		};
		49D4C2111FC498AC00A5424E /* Sample AppUITests */ = {
			isa = PBXNativeTarget;
			buildConfigurationList = 49D4C2211FC498AC00A5424E /* Build configuration list for PBXNativeTarget "Sample AppUITests" */;
			buildPhases = (
				116D26F423E776A6AE5F5A0F /* [CP] Check Pods Manifest.lock */,
				49D4C20E1FC498AC00A5424E /* Sources */,
				49D4C20F1FC498AC00A5424E /* Frameworks */,
				49D4C2101FC498AC00A5424E /* Resources */,
				77E59D3013C9D2FBD2962F7A /* [CP] Embed Pods Frameworks */,
				37EB998BB348B9C48F407F85 /* [CP] Copy Pods Resources */,
			);
			buildRules = (
			);
			dependencies = (
				49D4C2141FC498AC00A5424E /* PBXTargetDependency */,
			);
			name = "Sample AppUITests";
			productName = "Sample AppUITests";
			productReference = 49D4C2121FC498AC00A5424E /* Sample AppUITests.xctest */;
			productType = "com.apple.product-type.bundle.ui-testing";
		};
/* End PBXNativeTarget section */

/* Begin PBXProject section */
		49D4C1E81FC498AC00A5424E /* Project object */ = {
			isa = PBXProject;
			attributes = {
				LastSwiftUpdateCheck = 0900;
				LastUpgradeCheck = 0900;
				ORGANIZATIONNAME = "Christopher Bryan Henderson";
				TargetAttributes = {
					49D4C1EF1FC498AC00A5424E = {
						CreatedOnToolsVersion = 9.0;
						ProvisioningStyle = Automatic;
					};
					49D4C2061FC498AC00A5424E = {
						CreatedOnToolsVersion = 9.0;
						ProvisioningStyle = Automatic;
						TestTargetID = 49D4C1EF1FC498AC00A5424E;
					};
					49D4C2111FC498AC00A5424E = {
						CreatedOnToolsVersion = 9.0;
						ProvisioningStyle = Automatic;
						TestTargetID = 49D4C1EF1FC498AC00A5424E;
					};
				};
			};
			buildConfigurationList = 49D4C1EB1FC498AC00A5424E /* Build configuration list for PBXProject "Sample App" */;
			compatibilityVersion = "Xcode 8.0";
			developmentRegion = en;
			hasScannedForEncodings = 0;
			knownRegions = (
				en,
				Base,
			);
			mainGroup = 49D4C1E71FC498AC00A5424E;
			productRefGroup = 49D4C1F11FC498AC00A5424E /* Products */;
			projectDirPath = "";
			projectRoot = "";
			targets = (
				49D4C1EF1FC498AC00A5424E /* Sample App */,
				49D4C2061FC498AC00A5424E /* Sample AppTests */,
				49D4C2111FC498AC00A5424E /* Sample AppUITests */,
			);
		};
/* End PBXProject section */

/* Begin PBXResourcesBuildPhase section */
		49D4C1EE1FC498AC00A5424E /* Resources */ = {
			isa = PBXResourcesBuildPhase;
			buildActionMask = 2147483647;
			files = (
				49D4C2011FC498AC00A5424E /* LaunchScreen.storyboard in Resources */,
				49D4C1FE1FC498AC00A5424E /* Assets.xcassets in Resources */,
				49D4C1F91FC498AC00A5424E /* Main.storyboard in Resources */,
			);
			runOnlyForDeploymentPostprocessing = 0;
		};
		49D4C2051FC498AC00A5424E /* Resources */ = {
			isa = PBXResourcesBuildPhase;
			buildActionMask = 2147483647;
			files = (
				49D4C2291FC4A52A00A5424E /* meh_sample.json in Resources */,
			);
			runOnlyForDeploymentPostprocessing = 0;
		};
		49D4C2101FC498AC00A5424E /* Resources */ = {
			isa = PBXResourcesBuildPhase;
			buildActionMask = 2147483647;
			files = (
			);
			runOnlyForDeploymentPostprocessing = 0;
		};
/* End PBXResourcesBuildPhase section */

/* Begin PBXShellScriptBuildPhase section */
		116D26F423E776A6AE5F5A0F /* [CP] Check Pods Manifest.lock */ = {
			isa = PBXShellScriptBuildPhase;
			buildActionMask = 2147483647;
			files = (
			);
			inputPaths = (
				"${PODS_PODFILE_DIR_PATH}/Podfile.lock",
				"${PODS_ROOT}/Manifest.lock",
			);
			name = "[CP] Check Pods Manifest.lock";
			outputPaths = (
				"$(DERIVED_FILE_DIR)/Pods-Sample AppUITests-checkManifestLockResult.txt",
			);
			runOnlyForDeploymentPostprocessing = 0;
			shellPath = /bin/sh;
			shellScript = "diff \"${PODS_PODFILE_DIR_PATH}/Podfile.lock\" \"${PODS_ROOT}/Manifest.lock\" > /dev/null\nif [ $? != 0 ] ; then\n    # print error to STDERR\n    echo \"error: The sandbox is not in sync with the Podfile.lock. Run 'pod install' or update your CocoaPods installation.\" >&2\n    exit 1\nfi\n# This output is used by Xcode 'outputs' to avoid re-running this script phase.\necho \"SUCCESS\" > \"${SCRIPT_OUTPUT_FILE_0}\"\n";
			showEnvVarsInLog = 0;
		};
		37EB998BB348B9C48F407F85 /* [CP] Copy Pods Resources */ = {
			isa = PBXShellScriptBuildPhase;
			buildActionMask = 2147483647;
			files = (
			);
			inputPaths = (
			);
			name = "[CP] Copy Pods Resources";
			outputPaths = (
			);
			runOnlyForDeploymentPostprocessing = 0;
			shellPath = /bin/sh;
			shellScript = "\"${SRCROOT}/Pods/Target Support Files/Pods-Sample AppUITests/Pods-Sample AppUITests-resources.sh\"\n";
			showEnvVarsInLog = 0;
		};
		47DDB4B098B49CFE3C1600D6 /* [CP] Embed Pods Frameworks */ = {
			isa = PBXShellScriptBuildPhase;
			buildActionMask = 2147483647;
			files = (
			);
			inputPaths = (
				"${SRCROOT}/Pods/Target Support Files/Pods-Sample App/Pods-Sample App-frameworks.sh",
				"${BUILT_PRODUCTS_DIR}/Down/Down.framework",
				"${BUILT_PRODUCTS_DIR}/UIColor_Hex_Swift/UIColor_Hex_Swift.framework",
			);
			name = "[CP] Embed Pods Frameworks";
			outputPaths = (
				"${TARGET_BUILD_DIR}/${FRAMEWORKS_FOLDER_PATH}/Down.framework",
				"${TARGET_BUILD_DIR}/${FRAMEWORKS_FOLDER_PATH}/UIColor_Hex_Swift.framework",
			);
			runOnlyForDeploymentPostprocessing = 0;
			shellPath = /bin/sh;
			shellScript = "\"${SRCROOT}/Pods/Target Support Files/Pods-Sample App/Pods-Sample App-frameworks.sh\"\n";
			showEnvVarsInLog = 0;
		};
		77E59D3013C9D2FBD2962F7A /* [CP] Embed Pods Frameworks */ = {
			isa = PBXShellScriptBuildPhase;
			buildActionMask = 2147483647;
			files = (
			);
			inputPaths = (
			);
			name = "[CP] Embed Pods Frameworks";
			outputPaths = (
			);
			runOnlyForDeploymentPostprocessing = 0;
			shellPath = /bin/sh;
			shellScript = "\"${SRCROOT}/Pods/Target Support Files/Pods-Sample AppUITests/Pods-Sample AppUITests-frameworks.sh\"\n";
			showEnvVarsInLog = 0;
		};
		AC5709E254084D5946BC1399 /* [CP] Check Pods Manifest.lock */ = {
			isa = PBXShellScriptBuildPhase;
			buildActionMask = 2147483647;
			files = (
			);
			inputPaths = (
				"${PODS_PODFILE_DIR_PATH}/Podfile.lock",
				"${PODS_ROOT}/Manifest.lock",
			);
			name = "[CP] Check Pods Manifest.lock";
			outputPaths = (
				"$(DERIVED_FILE_DIR)/Pods-Sample AppTests-checkManifestLockResult.txt",
			);
			runOnlyForDeploymentPostprocessing = 0;
			shellPath = /bin/sh;
			shellScript = "diff \"${PODS_PODFILE_DIR_PATH}/Podfile.lock\" \"${PODS_ROOT}/Manifest.lock\" > /dev/null\nif [ $? != 0 ] ; then\n    # print error to STDERR\n    echo \"error: The sandbox is not in sync with the Podfile.lock. Run 'pod install' or update your CocoaPods installation.\" >&2\n    exit 1\nfi\n# This output is used by Xcode 'outputs' to avoid re-running this script phase.\necho \"SUCCESS\" > \"${SCRIPT_OUTPUT_FILE_0}\"\n";
			showEnvVarsInLog = 0;
		};
		E783E2E6A0BED27653A9655C /* [CP] Check Pods Manifest.lock */ = {
			isa = PBXShellScriptBuildPhase;
			buildActionMask = 2147483647;
			files = (
			);
			inputPaths = (
				"${PODS_PODFILE_DIR_PATH}/Podfile.lock",
				"${PODS_ROOT}/Manifest.lock",
			);
			name = "[CP] Check Pods Manifest.lock";
			outputPaths = (
				"$(DERIVED_FILE_DIR)/Pods-Sample App-checkManifestLockResult.txt",
			);
			runOnlyForDeploymentPostprocessing = 0;
			shellPath = /bin/sh;
			shellScript = "diff \"${PODS_PODFILE_DIR_PATH}/Podfile.lock\" \"${PODS_ROOT}/Manifest.lock\" > /dev/null\nif [ $? != 0 ] ; then\n    # print error to STDERR\n    echo \"error: The sandbox is not in sync with the Podfile.lock. Run 'pod install' or update your CocoaPods installation.\" >&2\n    exit 1\nfi\n# This output is used by Xcode 'outputs' to avoid re-running this script phase.\necho \"SUCCESS\" > \"${SCRIPT_OUTPUT_FILE_0}\"\n";
			showEnvVarsInLog = 0;
		};
		F7B6292C722678F20723FCDA /* [CP] Copy Pods Resources */ = {
			isa = PBXShellScriptBuildPhase;
			buildActionMask = 2147483647;
			files = (
			);
			inputPaths = (
			);
			name = "[CP] Copy Pods Resources";
			outputPaths = (
			);
			runOnlyForDeploymentPostprocessing = 0;
			shellPath = /bin/sh;
			shellScript = "\"${SRCROOT}/Pods/Target Support Files/Pods-Sample AppTests/Pods-Sample AppTests-resources.sh\"\n";
			showEnvVarsInLog = 0;
		};
		FDFE89C001FE9A5394BCCF83 /* [CP] Embed Pods Frameworks */ = {
			isa = PBXShellScriptBuildPhase;
			buildActionMask = 2147483647;
			files = (
			);
			inputPaths = (
			);
			name = "[CP] Embed Pods Frameworks";
			outputPaths = (
			);
			runOnlyForDeploymentPostprocessing = 0;
			shellPath = /bin/sh;
			shellScript = "\"${SRCROOT}/Pods/Target Support Files/Pods-Sample AppTests/Pods-Sample AppTests-frameworks.sh\"\n";
			showEnvVarsInLog = 0;
		};
		FF91A31A3FD353169FB9E5B9 /* [CP] Copy Pods Resources */ = {
			isa = PBXShellScriptBuildPhase;
			buildActionMask = 2147483647;
			files = (
			);
			inputPaths = (
			);
			name = "[CP] Copy Pods Resources";
			outputPaths = (
			);
			runOnlyForDeploymentPostprocessing = 0;
			shellPath = /bin/sh;
			shellScript = "\"${SRCROOT}/Pods/Target Support Files/Pods-Sample App/Pods-Sample App-resources.sh\"\n";
			showEnvVarsInLog = 0;
		};
/* End PBXShellScriptBuildPhase section */

/* Begin PBXSourcesBuildPhase section */
		49D4C1EC1FC498AC00A5424E /* Sources */ = {
			isa = PBXSourcesBuildPhase;
			buildActionMask = 2147483647;
			files = (
				499870E21FC4AE7E001D8EA9 /* MehDealTheme.swift in Sources */,
				49D4C1F61FC498AC00A5424E /* ViewController.swift in Sources */,
				49D4C1FC1FC498AC00A5424E /* Sample_App.xcdatamodeld in Sources */,
				49D4C2251FC49BC200A5424E /* MehRoot.swift in Sources */,
				499870E01FC4AE24001D8EA9 /* MehDeal.swift in Sources */,
				49D4C1F41FC498AC00A5424E /* AppDelegate.swift in Sources */,
			);
			runOnlyForDeploymentPostprocessing = 0;
		};
		49D4C2031FC498AC00A5424E /* Sources */ = {
			isa = PBXSourcesBuildPhase;
			buildActionMask = 2147483647;
			files = (
				49D4C20C1FC498AC00A5424E /* Sample_AppTests.swift in Sources */,
				49D4C2271FC49BD200A5424E /* DealParsingTests.swift in Sources */,
			);
			runOnlyForDeploymentPostprocessing = 0;
		};
		49D4C20E1FC498AC00A5424E /* Sources */ = {
			isa = PBXSourcesBuildPhase;
			buildActionMask = 2147483647;
			files = (
				49D4C2171FC498AC00A5424E /* Sample_AppUITests.swift in Sources */,
			);
			runOnlyForDeploymentPostprocessing = 0;
		};
/* End PBXSourcesBuildPhase section */

/* Begin PBXTargetDependency section */
		49D4C2091FC498AC00A5424E /* PBXTargetDependency */ = {
			isa = PBXTargetDependency;
			target = 49D4C1EF1FC498AC00A5424E /* Sample App */;
			targetProxy = 49D4C2081FC498AC00A5424E /* PBXContainerItemProxy */;
		};
		49D4C2141FC498AC00A5424E /* PBXTargetDependency */ = {
			isa = PBXTargetDependency;
			target = 49D4C1EF1FC498AC00A5424E /* Sample App */;
			targetProxy = 49D4C2131FC498AC00A5424E /* PBXContainerItemProxy */;
		};
/* End PBXTargetDependency section */

/* Begin PBXVariantGroup section */
		49D4C1F71FC498AC00A5424E /* Main.storyboard */ = {
			isa = PBXVariantGroup;
			children = (
				49D4C1F81FC498AC00A5424E /* Base */,
			);
			name = Main.storyboard;
			sourceTree = "<group>";
		};
		49D4C1FF1FC498AC00A5424E /* LaunchScreen.storyboard */ = {
			isa = PBXVariantGroup;
			children = (
				49D4C2001FC498AC00A5424E /* Base */,
			);
			name = LaunchScreen.storyboard;
			sourceTree = "<group>";
		};
/* End PBXVariantGroup section */

/* Begin XCBuildConfiguration section */
		49D4C2191FC498AC00A5424E /* Debug */ = {
			isa = XCBuildConfiguration;
			buildSettings = {
				ALWAYS_SEARCH_USER_PATHS = NO;
				CLANG_ANALYZER_NONNULL = YES;
				CLANG_ANALYZER_NUMBER_OBJECT_CONVERSION = YES_AGGRESSIVE;
				CLANG_CXX_LANGUAGE_STANDARD = "gnu++14";
				CLANG_CXX_LIBRARY = "libc++";
				CLANG_ENABLE_MODULES = YES;
				CLANG_ENABLE_OBJC_ARC = YES;
				CLANG_WARN_BLOCK_CAPTURE_AUTORELEASING = YES;
				CLANG_WARN_BOOL_CONVERSION = YES;
				CLANG_WARN_COMMA = YES;
				CLANG_WARN_CONSTANT_CONVERSION = YES;
				CLANG_WARN_DIRECT_OBJC_ISA_USAGE = YES_ERROR;
				CLANG_WARN_DOCUMENTATION_COMMENTS = YES;
				CLANG_WARN_EMPTY_BODY = YES;
				CLANG_WARN_ENUM_CONVERSION = YES;
				CLANG_WARN_INFINITE_RECURSION = YES;
				CLANG_WARN_INT_CONVERSION = YES;
				CLANG_WARN_NON_LITERAL_NULL_CONVERSION = YES;
				CLANG_WARN_OBJC_LITERAL_CONVERSION = YES;
				CLANG_WARN_OBJC_ROOT_CLASS = YES_ERROR;
				CLANG_WARN_RANGE_LOOP_ANALYSIS = YES;
				CLANG_WARN_STRICT_PROTOTYPES = YES;
				CLANG_WARN_SUSPICIOUS_MOVE = YES;
				CLANG_WARN_UNGUARDED_AVAILABILITY = YES_AGGRESSIVE;
				CLANG_WARN_UNREACHABLE_CODE = YES;
				CLANG_WARN__DUPLICATE_METHOD_MATCH = YES;
				CODE_SIGN_IDENTITY = "iPhone Developer";
				COPY_PHASE_STRIP = NO;
				DEBUG_INFORMATION_FORMAT = dwarf;
				ENABLE_STRICT_OBJC_MSGSEND = YES;
				ENABLE_TESTABILITY = YES;
				GCC_C_LANGUAGE_STANDARD = gnu11;
				GCC_DYNAMIC_NO_PIC = NO;
				GCC_NO_COMMON_BLOCKS = YES;
				GCC_OPTIMIZATION_LEVEL = 0;
				GCC_PREPROCESSOR_DEFINITIONS = (
					"DEBUG=1",
					"$(inherited)",
				);
				GCC_WARN_64_TO_32_BIT_CONVERSION = YES;
				GCC_WARN_ABOUT_RETURN_TYPE = YES_ERROR;
				GCC_WARN_UNDECLARED_SELECTOR = YES;
				GCC_WARN_UNINITIALIZED_AUTOS = YES_AGGRESSIVE;
				GCC_WARN_UNUSED_FUNCTION = YES;
				GCC_WARN_UNUSED_VARIABLE = YES;
				IPHONEOS_DEPLOYMENT_TARGET = 11.0;
				MTL_ENABLE_DEBUG_INFO = YES;
				ONLY_ACTIVE_ARCH = YES;
				SDKROOT = iphoneos;
				SWIFT_ACTIVE_COMPILATION_CONDITIONS = DEBUG;
				SWIFT_OPTIMIZATION_LEVEL = "-Onone";
			};
			name = Debug;
		};
		49D4C21A1FC498AC00A5424E /* Release */ = {
			isa = XCBuildConfiguration;
			buildSettings = {
				ALWAYS_SEARCH_USER_PATHS = NO;
				CLANG_ANALYZER_NONNULL = YES;
				CLANG_ANALYZER_NUMBER_OBJECT_CONVERSION = YES_AGGRESSIVE;
				CLANG_CXX_LANGUAGE_STANDARD = "gnu++14";
				CLANG_CXX_LIBRARY = "libc++";
				CLANG_ENABLE_MODULES = YES;
				CLANG_ENABLE_OBJC_ARC = YES;
				CLANG_WARN_BLOCK_CAPTURE_AUTORELEASING = YES;
				CLANG_WARN_BOOL_CONVERSION = YES;
				CLANG_WARN_COMMA = YES;
				CLANG_WARN_CONSTANT_CONVERSION = YES;
				CLANG_WARN_DIRECT_OBJC_ISA_USAGE = YES_ERROR;
				CLANG_WARN_DOCUMENTATION_COMMENTS = YES;
				CLANG_WARN_EMPTY_BODY = YES;
				CLANG_WARN_ENUM_CONVERSION = YES;
				CLANG_WARN_INFINITE_RECURSION = YES;
				CLANG_WARN_INT_CONVERSION = YES;
				CLANG_WARN_NON_LITERAL_NULL_CONVERSION = YES;
				CLANG_WARN_OBJC_LITERAL_CONVERSION = YES;
				CLANG_WARN_OBJC_ROOT_CLASS = YES_ERROR;
				CLANG_WARN_RANGE_LOOP_ANALYSIS = YES;
				CLANG_WARN_STRICT_PROTOTYPES = YES;
				CLANG_WARN_SUSPICIOUS_MOVE = YES;
				CLANG_WARN_UNGUARDED_AVAILABILITY = YES_AGGRESSIVE;
				CLANG_WARN_UNREACHABLE_CODE = YES;
				CLANG_WARN__DUPLICATE_METHOD_MATCH = YES;
				CODE_SIGN_IDENTITY = "iPhone Developer";
				COPY_PHASE_STRIP = NO;
				DEBUG_INFORMATION_FORMAT = "dwarf-with-dsym";
				ENABLE_NS_ASSERTIONS = NO;
				ENABLE_STRICT_OBJC_MSGSEND = YES;
				GCC_C_LANGUAGE_STANDARD = gnu11;
				GCC_NO_COMMON_BLOCKS = YES;
				GCC_WARN_64_TO_32_BIT_CONVERSION = YES;
				GCC_WARN_ABOUT_RETURN_TYPE = YES_ERROR;
				GCC_WARN_UNDECLARED_SELECTOR = YES;
				GCC_WARN_UNINITIALIZED_AUTOS = YES_AGGRESSIVE;
				GCC_WARN_UNUSED_FUNCTION = YES;
				GCC_WARN_UNUSED_VARIABLE = YES;
				IPHONEOS_DEPLOYMENT_TARGET = 11.0;
				MTL_ENABLE_DEBUG_INFO = NO;
				SDKROOT = iphoneos;
				SWIFT_OPTIMIZATION_LEVEL = "-Owholemodule";
				VALIDATE_PRODUCT = YES;
			};
			name = Release;
		};
		49D4C21C1FC498AC00A5424E /* Debug */ = {
			isa = XCBuildConfiguration;
			baseConfigurationReference = 5F82EE1287C92D5346C77101 /* Pods-Sample App.debug.xcconfig */;
			buildSettings = {
				ASSETCATALOG_COMPILER_APPICON_NAME = AppIcon;
				CODE_SIGN_STYLE = Automatic;
				DEVELOPMENT_TEAM = YGH3FGY9H8;
				FRAMEWORK_SEARCH_PATHS = "$(inherited)";
				INFOPLIST_FILE = "Sample App/Info.plist";
				LD_RUNPATH_SEARCH_PATHS = "$(inherited) @executable_path/Frameworks";
				PRODUCT_BUNDLE_IDENTIFIER = "com.chrishenderson.Sample-App";
				PRODUCT_NAME = "$(TARGET_NAME)";
				SWIFT_VERSION = 4.0;
				TARGETED_DEVICE_FAMILY = "1,2";
			};
			name = Debug;
		};
		49D4C21D1FC498AC00A5424E /* Release */ = {
			isa = XCBuildConfiguration;
			baseConfigurationReference = 389688EE346C8EB9082FCFF3 /* Pods-Sample App.release.xcconfig */;
			buildSettings = {
				ASSETCATALOG_COMPILER_APPICON_NAME = AppIcon;
				CODE_SIGN_STYLE = Automatic;
				DEVELOPMENT_TEAM = YGH3FGY9H8;
				FRAMEWORK_SEARCH_PATHS = "$(inherited)";
				INFOPLIST_FILE = "Sample App/Info.plist";
				LD_RUNPATH_SEARCH_PATHS = "$(inherited) @executable_path/Frameworks";
				PRODUCT_BUNDLE_IDENTIFIER = "com.chrishenderson.Sample-App";
				PRODUCT_NAME = "$(TARGET_NAME)";
				SWIFT_VERSION = 4.0;
				TARGETED_DEVICE_FAMILY = "1,2";
			};
			name = Release;
		};
		49D4C21F1FC498AC00A5424E /* Debug */ = {
			isa = XCBuildConfiguration;
			baseConfigurationReference = 130ABAD66F84E2F56E8AC865 /* Pods-Sample AppTests.debug.xcconfig */;
			buildSettings = {
				ALWAYS_EMBED_SWIFT_STANDARD_LIBRARIES = YES;
				BUNDLE_LOADER = "$(TEST_HOST)";
				CODE_SIGN_STYLE = Automatic;
				DEVELOPMENT_TEAM = YGH3FGY9H8;
				FRAMEWORK_SEARCH_PATHS = (
					"$(inherited)",
					"$(PROJECT_DIR)/Carthage/Build/iOS",
				);
				INFOPLIST_FILE = "Sample AppTests/Info.plist";
				LD_RUNPATH_SEARCH_PATHS = "$(inherited) @executable_path/Frameworks @loader_path/Frameworks";
				PRODUCT_BUNDLE_IDENTIFIER = "com.chrishenderson.Sample-AppTests";
				PRODUCT_NAME = "$(TARGET_NAME)";
				SWIFT_VERSION = 4.0;
				TARGETED_DEVICE_FAMILY = "1,2";
				TEST_HOST = "$(BUILT_PRODUCTS_DIR)/Sample App.app/Sample App";
			};
			name = Debug;
		};
		49D4C2201FC498AC00A5424E /* Release */ = {
			isa = XCBuildConfiguration;
			baseConfigurationReference = 4F31CD2824A501AACAEAB41B /* Pods-Sample AppTests.release.xcconfig */;
			buildSettings = {
				ALWAYS_EMBED_SWIFT_STANDARD_LIBRARIES = YES;
				BUNDLE_LOADER = "$(TEST_HOST)";
				CODE_SIGN_STYLE = Automatic;
				DEVELOPMENT_TEAM = YGH3FGY9H8;
				FRAMEWORK_SEARCH_PATHS = (
					"$(inherited)",
					"$(PROJECT_DIR)/Carthage/Build/iOS",
				);
				INFOPLIST_FILE = "Sample AppTests/Info.plist";
				LD_RUNPATH_SEARCH_PATHS = "$(inherited) @executable_path/Frameworks @loader_path/Frameworks";
				PRODUCT_BUNDLE_IDENTIFIER = "com.chrishenderson.Sample-AppTests";
				PRODUCT_NAME = "$(TARGET_NAME)";
				SWIFT_VERSION = 4.0;
				TARGETED_DEVICE_FAMILY = "1,2";
				TEST_HOST = "$(BUILT_PRODUCTS_DIR)/Sample App.app/Sample App";
			};
			name = Release;
		};
		49D4C2221FC498AC00A5424E /* Debug */ = {
			isa = XCBuildConfiguration;
			baseConfigurationReference = 11D677AAF7E636DBE039DBC5 /* Pods-Sample AppUITests.debug.xcconfig */;
			buildSettings = {
				ALWAYS_EMBED_SWIFT_STANDARD_LIBRARIES = YES;
				CODE_SIGN_STYLE = Automatic;
				DEVELOPMENT_TEAM = YGH3FGY9H8;
				INFOPLIST_FILE = "Sample AppUITests/Info.plist";
				LD_RUNPATH_SEARCH_PATHS = "$(inherited) @executable_path/Frameworks @loader_path/Frameworks";
				PRODUCT_BUNDLE_IDENTIFIER = "com.chrishenderson.Sample-AppUITests";
				PRODUCT_NAME = "$(TARGET_NAME)";
				SWIFT_VERSION = 4.0;
				TARGETED_DEVICE_FAMILY = "1,2";
				TEST_TARGET_NAME = "Sample App";
			};
			name = Debug;
		};
		49D4C2231FC498AC00A5424E /* Release */ = {
			isa = XCBuildConfiguration;
			baseConfigurationReference = 8F82FA122CB1D0517F3EB016 /* Pods-Sample AppUITests.release.xcconfig */;
			buildSettings = {
				ALWAYS_EMBED_SWIFT_STANDARD_LIBRARIES = YES;
				CODE_SIGN_STYLE = Automatic;
				DEVELOPMENT_TEAM = YGH3FGY9H8;
				INFOPLIST_FILE = "Sample AppUITests/Info.plist";
				LD_RUNPATH_SEARCH_PATHS = "$(inherited) @executable_path/Frameworks @loader_path/Frameworks";
				PRODUCT_BUNDLE_IDENTIFIER = "com.chrishenderson.Sample-AppUITests";
				PRODUCT_NAME = "$(TARGET_NAME)";
				SWIFT_VERSION = 4.0;
				TARGETED_DEVICE_FAMILY = "1,2";
				TEST_TARGET_NAME = "Sample App";
			};
			name = Release;
		};
/* End XCBuildConfiguration section */

/* Begin XCConfigurationList section */
		49D4C1EB1FC498AC00A5424E /* Build configuration list for PBXProject "Sample App" */ = {
			isa = XCConfigurationList;
			buildConfigurations = (
				49D4C2191FC498AC00A5424E /* Debug */,
				49D4C21A1FC498AC00A5424E /* Release */,
			);
			defaultConfigurationIsVisible = 0;
			defaultConfigurationName = Release;
		};
		49D4C21B1FC498AC00A5424E /* Build configuration list for PBXNativeTarget "Sample App" */ = {
			isa = XCConfigurationList;
			buildConfigurations = (
				49D4C21C1FC498AC00A5424E /* Debug */,
				49D4C21D1FC498AC00A5424E /* Release */,
			);
			defaultConfigurationIsVisible = 0;
			defaultConfigurationName = Release;
		};
		49D4C21E1FC498AC00A5424E /* Build configuration list for PBXNativeTarget "Sample AppTests" */ = {
			isa = XCConfigurationList;
			buildConfigurations = (
				49D4C21F1FC498AC00A5424E /* Debug */,
				49D4C2201FC498AC00A5424E /* Release */,
			);
			defaultConfigurationIsVisible = 0;
			defaultConfigurationName = Release;
		};
		49D4C2211FC498AC00A5424E /* Build configuration list for PBXNativeTarget "Sample AppUITests" */ = {
			isa = XCConfigurationList;
			buildConfigurations = (
				49D4C2221FC498AC00A5424E /* Debug */,
				49D4C2231FC498AC00A5424E /* Release */,
			);
			defaultConfigurationIsVisible = 0;
			defaultConfigurationName = Release;
		};
/* End XCConfigurationList section */

/* Begin XCVersionGroup section */
		49D4C1FA1FC498AC00A5424E /* Sample_App.xcdatamodeld */ = {
			isa = XCVersionGroup;
			children = (
				49D4C1FB1FC498AC00A5424E /* Sample_App.xcdatamodel */,
			);
			currentVersion = 49D4C1FB1FC498AC00A5424E /* Sample_App.xcdatamodel */;
			path = Sample_App.xcdatamodeld;
			sourceTree = "<group>";
			versionGroupType = wrapper.xcdatamodel;
		};
/* End XCVersionGroup section */
	};
	rootObject = 49D4C1E81FC498AC00A5424E /* Project object */;
}
